
Microsoft Visual Studio Solution File, Format Version 12.00
# Visual Studio Version 16
VisualStudioVersion = 16.0.30523.141
MinimumVisualStudioVersion = 10.0.40219.1
Project("{FAE04EC0-301F-11D3-BF4B-00C04F79EFBC}") = "CreditCardApplication", "CreditCardApplication\CreditCardApplication.csproj", "{9EFB62B5-E856-4289-A67D-1042216FE36C}"
EndProject
Global
	GlobalSection(SolutionConfigurationPlatforms) = preSolution
		Debug|Any CPU = Debug|Any CPU
		Release|Any CPU = Release|Any CPU
	EndGlobalSection
	GlobalSection(ProjectConfigurationPlatforms) = postSolution
		{9EFB62B5-E856-4289-A67D-1042216FE36C}.Debug|Any CPU.ActiveCfg = Debug|Any CPU
		{9EFB62B5-E856-4289-A67D-1042216FE36C}.Debug|Any CPU.Build.0 = Debug|Any CPU
		{9EFB62B5-E856-4289-A67D-1042216FE36C}.Release|Any CPU.ActiveCfg = Release|Any CPU
		{9EFB62B5-E856-4289-A67D-1042216FE36C}.Release|Any CPU.Build.0 = Release|Any CPU
	EndGlobalSection
	GlobalSection(SolutionProperties) = preSolution
		HideSolutionNode = FALSE
	EndGlobalSection
	GlobalSection(ExtensibilityGlobals) = postSolution
		SolutionGuid = {24EFAB9F-1C28-427A-AFA4-BBBE27199C12}
	EndGlobalSection
EndGlobal
